{
  "name": "Won-dry-Idea-Platform",
  "lockfileVersion": 3,
  "requires": true,
  "packages": {
    "": {
      "devDependencies": {
        "jsdom-testing-mocks": "^1.13.1"
      }
    },
    "node_modules/bezier-easing": {
      "version": "2.1.0",
      "resolved": "https://registry.npmjs.org/bezier-easing/-/bezier-easing-2.1.0.tgz",
      "integrity": "sha512-gbIqZ/eslnUFC1tjEvtz0sgx+xTK20wDnYMIA27VA04R7w6xxXQPZDbibjA9DTWZRA2CXtwHykkVzlCaAJAZig==",
      "dev": true,
      "license": "MIT"
    },
    "node_modules/css-mediaquery": {
      "version": "0.1.2",
      "resolved": "https://registry.npmjs.org/css-mediaquery/-/css-mediaquery-0.1.2.tgz",
      "integrity": "sha512-COtn4EROW5dBGlE/4PiKnh6rZpAPxDeFLaEEwt4i10jpDMFt2EhQGS79QmmrO+iKCHv0PU/HrOWEhijFd1x99Q==",
      "dev": true,
      "license": "BSD"
    },
    "node_modules/jsdom-testing-mocks": {
      "version": "1.13.1",
      "resolved": "https://registry.npmjs.org/jsdom-testing-mocks/-/jsdom-testing-mocks-1.13.1.tgz",
      "integrity": "sha512-8BAsnuoO4DLGTf7LDbSm8fcx5CUHSv4h+bdUbwyt6rMYAXWjeHLRx9f8sYiSxoOTXy3S1e06pe87KER39o1ckA==",
      "dev": true,
      "license": "MIT",
      "dependencies": {
        "bezier-easing": "^2.1.0",
        "css-mediaquery": "^0.1.2"
      },
      "engines": {
        "node": ">=14"
      }
    }
  }
}
